version = 1
revision = 3
requires-python = ">=3.13"

[[package]]
name = "board"
version = "0.1.0"
source = { virtual = "." }
dependencies = [
    { name = "pyxel" },
]

[package.metadata]
requires-dist = [{ name = "pyxel", specifier = ">=2.6.2" }]

[[package]]
name = "pyxel"
version = "2.6.2"
source = { registry = "https://pypi.org/simple" }
wheels = [
    { url = "https://files.pythonhosted.org/packages/ca/62/7f9f6619b4a4381fa09abce4ee1823a409139ce58d62f15f50f64bc04f51/pyxel-2.6.2-cp38-abi3-macosx_10_12_x86_64.whl", hash = "sha256:966e93a5d1132f11b4c50ec496fda47da5540f9f9cef61372fe259d81236afc7", size = 5749960, upload-time = "2026-02-03T09:13:02.147Z" },
    { url = "https://files.pythonhosted.org/packages/72/3b/2a4773822f0acabd069f93df5d7b87e0fac6e84e974cd13f8834a6fefa7e/pyxel-2.6.2-cp38-abi3-macosx_11_0_arm64.whl", hash = "sha256:468226a4df58117d39f5bc8cb20a4ba4847f1686ea21523c2a24f0b7dacb9d83", size = 5525355, upload-time = "2026-02-03T09:13:04.116Z" },
    { url = "https://files.pythonhosted.org/packages/6a/58/152925987e7179ce299f20ad9d04f71919609453a000ae53cc2ef6945043/pyxel-2.6.2-cp38-abi3-manylinux_2_17_aarch64.manylinux2014_aarch64.whl", hash = "sha256:f6fded673fcc92bdd5d0cc6083e207c4a9d81ac46f5574e59918d749e5dde9f9", size = 5345541, upload-time = "2026-02-03T09:13:05.524Z" },
    { url = "https://files.pythonhosted.org/packages/90/a9/fbcdd607095b253af27690baac70113276757ba12c0eef0531737c647b7a/pyxel-2.6.2-cp38-abi3-manylinux_2_17_armv7l.manylinux2014_armv7l.whl", hash = "sha256:c6c5d6db560ee1f0f6d96dc3c8e1f6bdcf7fde929e95c6643f559a37646b05dd", size = 5278251, upload-time = "2026-02-03T09:13:07.214Z" },
    { url = "https://files.pythonhosted.org/packages/6f/0f/a8fb478c8917fbc85ef39eef42dc20e12face883fee69c291c1faf7dabe4/pyxel-2.6.2-cp38-abi3-manylinux_2_17_i686.manylinux2014_i686.whl", hash = "sha256:0e786afeeb3b093502dfddf11601632c26cd25104708f495a4633f67094e57ef", size = 5790599, upload-time = "2026-02-03T09:13:08.513Z" },
    { url = "https://files.pythonhosted.org/packages/ae/58/3a8b2bad6f857195b6e07f760f951f29f5df094452ddb43d0a8aa5c75b16/pyxel-2.6.2-cp38-abi3-manylinux_2_17_x86_64.manylinux2014_x86_64.whl", hash = "sha256:91d1936069096e44a486b85a37a98fe7d67d2ec9c3750ad225c1721c0d1ebac4", size = 5489498, upload-time = "2026-02-03T09:13:12.497Z" },
    { url = "https://files.pythonhosted.org/packages/2a/c3/1750a5b2f70f91e8d1991ff8c46ad6bfe4c9b08d0b7474472552d3a73ed7/pyxel-2.6.2-cp38-abi3-win32.whl", hash = "sha256:74d668c4d00f1cefa5a9b63f258584e59086efc181a2492d836b58d8e5503f4d", size = 5318902, upload-time = "2026-02-03T09:13:15.58Z" },
    { url = "https://files.pythonhosted.org/packages/2b/4d/00a3a5d4fa88659f0ba85f71f7994c9cce4f209641efc15ba5046eb554dd/pyxel-2.6.2-cp38-abi3-win_amd64.whl", hash = "sha256:874f780468a9e4876e74ce2a6948753827c7b6e27667ac0e25775e954d209d1b", size = 5545362, upload-time = "2026-02-03T09:13:13.874Z" },
]
